
Microsoft Visual Studio Solution File, Format Version 12.00
# Visual Studio Version 16
VisualStudioVersion = 16.0.29728.190
MinimumVisualStudioVersion = 10.0.40219.1
Project("{FAE04EC0-301F-11D3-BF4B-00C04F79EFBC}") = "DeskBooker.Core.Test", "DeskBooker.Core.Test\DeskBooker.Core.Test.csproj", "{1E1820E8-5A8F-439C-9927-0258884D5CB3}"
EndProject
Project("{FAE04EC0-301F-11D3-BF4B-00C04F79EFBC}") = "DeskBooker.Core", "DeskBooker.Core\DeskBooker.Core.csproj", "{FE79936F-9889-4FDD-A4EC-688D3C2CEEDF}"
EndProject
Global
	GlobalSection(SolutionConfigurationPlatforms) = preSolution
		Debug|Any CPU = Debug|Any CPU
		Release|Any CPU = Release|Any CPU
	EndGlobalSection
	GlobalSection(ProjectConfigurationPlatforms) = postSolution
		{1E1820E8-5A8F-439C-9927-0258884D5CB3}.Debug|Any CPU.ActiveCfg = Debug|Any CPU
		{1E1820E8-5A8F-439C-9927-0258884D5CB3}.Debug|Any CPU.Build.0 = Debug|Any CPU
		{1E1820E8-5A8F-439C-9927-0258884D5CB3}.Release|Any CPU.ActiveCfg = Release|Any CPU
		{1E1820E8-5A8F-439C-9927-0258884D5CB3}.Release|Any CPU.Build.0 = Release|Any CPU
		{FE79936F-9889-4FDD-A4EC-688D3C2CEEDF}.Debug|Any CPU.ActiveCfg = Debug|Any CPU
		{FE79936F-9889-4FDD-A4EC-688D3C2CEEDF}.Debug|Any CPU.Build.0 = Debug|Any CPU
		{FE79936F-9889-4FDD-A4EC-688D3C2CEEDF}.Release|Any CPU.ActiveCfg = Release|Any CPU
		{FE79936F-9889-4FDD-A4EC-688D3C2CEEDF}.Release|Any CPU.Build.0 = Release|Any CPU
	EndGlobalSection
	GlobalSection(SolutionProperties) = preSolution
		HideSolutionNode = FALSE
	EndGlobalSection
	GlobalSection(ExtensibilityGlobals) = postSolution
		SolutionGuid = {5913A209-CB5F-4FFF-9AF7-3A28F3864F7A}
	EndGlobalSection
EndGlobal
